// !$*UTF8*$!
{
	archiveVersion = 1;
	classes = {
	};
	objectVersion = 46;
	objects = {

/* Begin PBXBuildFile section */
		07079B1B1F0AF44A00FEF0FA /* Structures.swift in Sources */ = {isa = PBXBuildFile; fileRef = A7E9DEA01D99D1F9004406D7 /* Structures.swift */; };
		07079B1C1F0AF44C00FEF0FA /* FakeFileGenerator.swift in Sources */ = {isa = PBXBuildFile; fileRef = 0D7DFAC31E4BD0580096D4E8 /* FakeFileGenerator.swift */; };
		07079B1D1F0AF44F00FEF0FA /* FakeClassGenerator.swift in Sources */ = {isa = PBXBuildFile; fileRef = BB67EFD11DF248C7009CA1B0 /* FakeClassGenerator.swift */; };
		07079B1E1F0AF45200FEF0FA /* Parser.swift in Sources */ = {isa = PBXBuildFile; fileRef = BB67EFE61DF27366009CA1B0 /* Parser.swift */; };
		07079B201F0AF45600FEF0FA /* CLI.swift in Sources */ = {isa = PBXBuildFile; fileRef = 0720921D1F0AC09B00A2E089 /* CLI.swift */; };
		07079B221F0AF50200FEF0FA /* SwiftFile.swift in Sources */ = {isa = PBXBuildFile; fileRef = 07079B211F0AF50200FEF0FA /* SwiftFile.swift */; };
		07079B231F0AF51500FEF0FA /* SwiftFile.swift in Sources */ = {isa = PBXBuildFile; fileRef = 07079B211F0AF50200FEF0FA /* SwiftFile.swift */; };
		0720921A1F0AB7C000A2E089 /* CommandLine.swift in Sources */ = {isa = PBXBuildFile; fileRef = 072092171F0AB7C000A2E089 /* CommandLine.swift */; };
		0720921B1F0AB7C000A2E089 /* Option.swift in Sources */ = {isa = PBXBuildFile; fileRef = 072092181F0AB7C000A2E089 /* Option.swift */; };
		0720921C1F0AB7C000A2E089 /* StringExtensions.swift in Sources */ = {isa = PBXBuildFile; fileRef = 072092191F0AB7C000A2E089 /* StringExtensions.swift */; };
		0720921E1F0AC09B00A2E089 /* CLI.swift in Sources */ = {isa = PBXBuildFile; fileRef = 0720921D1F0AC09B00A2E089 /* CLI.swift */; };
		0D7DFAC41E4BD0580096D4E8 /* FakeFileGenerator.swift in Sources */ = {isa = PBXBuildFile; fileRef = 0D7DFAC31E4BD0580096D4E8 /* FakeFileGenerator.swift */; };
		0DB7551D1E391ACE00ABC1CD /* Makefile in Sources */ = {isa = PBXBuildFile; fileRef = 0DB7551C1E391ACE00ABC1CD /* Makefile */; };
		A7D50AAB1D8212200049D633 /* main.swift in Sources */ = {isa = PBXBuildFile; fileRef = A7D50AAA1D8212200049D633 /* main.swift */; };
		A7E9DEA11D99D1F9004406D7 /* Structures.swift in Sources */ = {isa = PBXBuildFile; fileRef = A7E9DEA01D99D1F9004406D7 /* Structures.swift */; };
		BB67EFD21DF248C7009CA1B0 /* FakeClassGenerator.swift in Sources */ = {isa = PBXBuildFile; fileRef = BB67EFD11DF248C7009CA1B0 /* FakeClassGenerator.swift */; };
		BB67EFDA1DF26C81009CA1B0 /* BluffaloTests.swift in Sources */ = {isa = PBXBuildFile; fileRef = BB67EFD91DF26C81009CA1B0 /* BluffaloTests.swift */; };
		BB67EFE71DF27366009CA1B0 /* Parser.swift in Sources */ = {isa = PBXBuildFile; fileRef = BB67EFE61DF27366009CA1B0 /* Parser.swift */; };
		BB67EFF31DF28C6C009CA1B0 /* Cat.txt in Resources */ = {isa = PBXBuildFile; fileRef = BB67EFF21DF28C6C009CA1B0 /* Cat.txt */; };
		BBA3EC081DF2933B0012E5E2 /* FakeCat.txt in Resources */ = {isa = PBXBuildFile; fileRef = BBA3EC071DF2933B0012E5E2 /* FakeCat.txt */; };
/* End PBXBuildFile section */

/* Begin PBXContainerItemProxy section */
		07A2156D1F0AE181001009FB /* PBXContainerItemProxy */ = {
			isa = PBXContainerItemProxy;
			containerPortal = A7D50A9F1D8212200049D633 /* Project object */;
			proxyType = 1;
			remoteGlobalIDString = A7D50AA61D8212200049D633;
			remoteInfo = Bluffalo;
		};
/* End PBXContainerItemProxy section */

/* Begin PBXCopyFilesBuildPhase section */
		A7D50AA51D8212200049D633 /* CopyFiles */ = {
			isa = PBXCopyFilesBuildPhase;
			buildActionMask = 2147483647;
			dstPath = /usr/share/man/man1/;
			dstSubfolderSpec = 0;
			files = (
			);
			runOnlyForDeploymentPostprocessing = 1;
		};
/* End PBXCopyFilesBuildPhase section */

/* Begin PBXFileReference section */
		07079B211F0AF50200FEF0FA /* SwiftFile.swift */ = {isa = PBXFileReference; fileEncoding = 4; lastKnownFileType = sourcecode.swift; path = SwiftFile.swift; sourceTree = "<group>"; };
		072092171F0AB7C000A2E089 /* CommandLine.swift */ = {isa = PBXFileReference; fileEncoding = 4; lastKnownFileType = sourcecode.swift; name = CommandLine.swift; path = Vendor/CommandLineKit/CommandLine.swift; sourceTree = "<group>"; };
		072092181F0AB7C000A2E089 /* Option.swift */ = {isa = PBXFileReference; fileEncoding = 4; lastKnownFileType = sourcecode.swift; name = Option.swift; path = Vendor/CommandLineKit/Option.swift; sourceTree = "<group>"; };
		072092191F0AB7C000A2E089 /* StringExtensions.swift */ = {isa = PBXFileReference; fileEncoding = 4; lastKnownFileType = sourcecode.swift; name = StringExtensions.swift; path = Vendor/CommandLineKit/StringExtensions.swift; sourceTree = "<group>"; };
		0720921D1F0AC09B00A2E089 /* CLI.swift */ = {isa = PBXFileReference; fileEncoding = 4; lastKnownFileType = sourcecode.swift; path = CLI.swift; sourceTree = "<group>"; };
		07DE8D7D1F0AEC3400B19666 /* Info.plist */ = {isa = PBXFileReference; fileEncoding = 4; lastKnownFileType = text.plist.xml; path = Info.plist; sourceTree = "<group>"; };
		0D7DFAC31E4BD0580096D4E8 /* FakeFileGenerator.swift */ = {isa = PBXFileReference; fileEncoding = 4; lastKnownFileType = sourcecode.swift; path = FakeFileGenerator.swift; sourceTree = "<group>"; };
		0DB7551C1E391ACE00ABC1CD /* Makefile */ = {isa = PBXFileReference; fileEncoding = 4; lastKnownFileType = sourcecode.make; path = Makefile; sourceTree = "<group>"; };
		A7D50AA71D8212200049D633 /* Bluffalo */ = {isa = PBXFileReference; explicitFileType = "compiled.mach-o.executable"; includeInIndex = 0; path = Bluffalo; sourceTree = BUILT_PRODUCTS_DIR; };
		A7D50AAA1D8212200049D633 /* main.swift */ = {isa = PBXFileReference; lastKnownFileType = sourcecode.swift; path = main.swift; sourceTree = "<group>"; };
		A7E9DEA01D99D1F9004406D7 /* Structures.swift */ = {isa = PBXFileReference; fileEncoding = 4; lastKnownFileType = sourcecode.swift; path = Structures.swift; sourceTree = "<group>"; };
		BB67EFD11DF248C7009CA1B0 /* FakeClassGenerator.swift */ = {isa = PBXFileReference; fileEncoding = 4; lastKnownFileType = sourcecode.swift; path = FakeClassGenerator.swift; sourceTree = "<group>"; };
		BB67EFD71DF26C81009CA1B0 /* BluffaloTests.xctest */ = {isa = PBXFileReference; explicitFileType = wrapper.cfbundle; includeInIndex = 0; path = BluffaloTests.xctest; sourceTree = BUILT_PRODUCTS_DIR; };
		BB67EFD91DF26C81009CA1B0 /* BluffaloTests.swift */ = {isa = PBXFileReference; lastKnownFileType = sourcecode.swift; path = BluffaloTests.swift; sourceTree = "<group>"; };
		BB67EFDB1DF26C81009CA1B0 /* Info.plist */ = {isa = PBXFileReference; lastKnownFileType = text.plist.xml; path = Info.plist; sourceTree = "<group>"; };
		BB67EFE61DF27366009CA1B0 /* Parser.swift */ = {isa = PBXFileReference; fileEncoding = 4; lastKnownFileType = sourcecode.swift; path = Parser.swift; sourceTree = "<group>"; };
		BB67EFF21DF28C6C009CA1B0 /* Cat.txt */ = {isa = PBXFileReference; fileEncoding = 4; lastKnownFileType = text; path = Cat.txt; sourceTree = "<group>"; };
		BBA3EC071DF2933B0012E5E2 /* FakeCat.txt */ = {isa = PBXFileReference; fileEncoding = 4; lastKnownFileType = text; path = FakeCat.txt; sourceTree = "<group>"; };
/* End PBXFileReference section */

/* Begin PBXFrameworksBuildPhase section */
		A7D50AA41D8212200049D633 /* Frameworks */ = {
			isa = PBXFrameworksBuildPhase;
			buildActionMask = 2147483647;
			files = (
			);
			runOnlyForDeploymentPostprocessing = 0;
		};
		BB67EFD41DF26C81009CA1B0 /* Frameworks */ = {
			isa = PBXFrameworksBuildPhase;
			buildActionMask = 2147483647;
			files = (
			);
			runOnlyForDeploymentPostprocessing = 0;
		};
/* End PBXFrameworksBuildPhase section */

/* Begin PBXGroup section */
		072092141F0AB79500A2E089 /* Vendor */ = {
			isa = PBXGroup;
			children = (
				072092161F0AB7B200A2E089 /* CommandLineKit */,
			);
			name = Vendor;
			sourceTree = "<group>";
		};
		072092161F0AB7B200A2E089 /* CommandLineKit */ = {
			isa = PBXGroup;
			children = (
				072092171F0AB7C000A2E089 /* CommandLine.swift */,
				072092181F0AB7C000A2E089 /* Option.swift */,
				072092191F0AB7C000A2E089 /* StringExtensions.swift */,
			);
			name = CommandLineKit;
			sourceTree = "<group>";
		};
		07B1F71D1F0AC6B700758951 /* Data */ = {
			isa = PBXGroup;
			children = (
				BBA3EC071DF2933B0012E5E2 /* FakeCat.txt */,
				BB67EFF21DF28C6C009CA1B0 /* Cat.txt */,
			);
			name = Data;
			sourceTree = "<group>";
		};
		07B1F71E1F0AC6C800758951 /* Tests */ = {
			isa = PBXGroup;
			children = (
				BB67EFD91DF26C81009CA1B0 /* BluffaloTests.swift */,
			);
			name = Tests;
			sourceTree = "<group>";
		};
		0DB7551A1E391AA700ABC1CD /* Auxiliary Files */ = {
			isa = PBXGroup;
			children = (
				0DB7551C1E391ACE00ABC1CD /* Makefile */,
			);
			name = "Auxiliary Files";
			sourceTree = "<group>";
		};
		A7D50A9E1D8212200049D633 = {
			isa = PBXGroup;
			children = (
				072092141F0AB79500A2E089 /* Vendor */,
				0DB7551A1E391AA700ABC1CD /* Auxiliary Files */,
				A7D50AA91D8212200049D633 /* Bluffalo */,
				BB67EFD81DF26C81009CA1B0 /* BluffaloTests */,
				A7D50AA81D8212200049D633 /* Products */,
			);
			sourceTree = "<group>";
		};
		A7D50AA81D8212200049D633 /* Products */ = {
			isa = PBXGroup;
			children = (
				A7D50AA71D8212200049D633 /* Bluffalo */,
				BB67EFD71DF26C81009CA1B0 /* BluffaloTests.xctest */,
			);
			name = Products;
			sourceTree = "<group>";
		};
		A7D50AA91D8212200049D633 /* Bluffalo */ = {
			isa = PBXGroup;
			children = (
				0720921D1F0AC09B00A2E089 /* CLI.swift */,
				BB67EFD11DF248C7009CA1B0 /* FakeClassGenerator.swift */,
				0D7DFAC31E4BD0580096D4E8 /* FakeFileGenerator.swift */,
				07DE8D7D1F0AEC3400B19666 /* Info.plist */,
				A7D50AAA1D8212200049D633 /* main.swift */,
				BB67EFE61DF27366009CA1B0 /* Parser.swift */,
				A7E9DEA01D99D1F9004406D7 /* Structures.swift */,
				07079B211F0AF50200FEF0FA /* SwiftFile.swift */,
			);
			path = Bluffalo;
			sourceTree = "<group>";
		};
		BB67EFD81DF26C81009CA1B0 /* BluffaloTests */ = {
			isa = PBXGroup;
			children = (
				07B1F71E1F0AC6C800758951 /* Tests */,
				07B1F71D1F0AC6B700758951 /* Data */,
				BB67EFDB1DF26C81009CA1B0 /* Info.plist */,
			);
			path = BluffaloTests;
			sourceTree = "<group>";
		};
/* End PBXGroup section */

/* Begin PBXNativeTarget section */
		A7D50AA61D8212200049D633 /* Bluffalo */ = {
			isa = PBXNativeTarget;
			buildConfigurationList = A7D50AAE1D8212200049D633 /* Build configuration list for PBXNativeTarget "Bluffalo" */;
			buildPhases = (
				A7D50AA31D8212200049D633 /* Sources */,
				A7D50AA41D8212200049D633 /* Frameworks */,
				A7D50AA51D8212200049D633 /* CopyFiles */,
			);
			buildRules = (
			);
			dependencies = (
			);
			name = Bluffalo;
			productName = FakeGenerator;
			productReference = A7D50AA71D8212200049D633 /* Bluffalo */;
			productType = "com.apple.product-type.tool";
		};
		BB67EFD61DF26C81009CA1B0 /* BluffaloTests */ = {
			isa = PBXNativeTarget;
			buildConfigurationList = BB67EFDC1DF26C81009CA1B0 /* Build configuration list for PBXNativeTarget "BluffaloTests" */;
			buildPhases = (
				BB67EFD31DF26C81009CA1B0 /* Sources */,
				BB67EFD41DF26C81009CA1B0 /* Frameworks */,
				BB67EFD51DF26C81009CA1B0 /* Resources */,
			);
			buildRules = (
			);
			dependencies = (
				07A2156E1F0AE181001009FB /* PBXTargetDependency */,
			);
			name = BluffaloTests;
			productName = FakeGeneratorTests;
			productReference = BB67EFD71DF26C81009CA1B0 /* BluffaloTests.xctest */;
			productType = "com.apple.product-type.bundle.unit-test";
		};
/* End PBXNativeTarget section */

/* Begin PBXProject section */
		A7D50A9F1D8212200049D633 /* Project object */ = {
			isa = PBXProject;
			attributes = {
				LastSwiftUpdateCheck = 0800;
				LastUpgradeCheck = 0800;
				ORGANIZATIONNAME = pair;
				TargetAttributes = {
					A7D50AA61D8212200049D633 = {
						CreatedOnToolsVersion = 8.0;
						ProvisioningStyle = Automatic;
					};
					BB67EFD61DF26C81009CA1B0 = {
						CreatedOnToolsVersion = 8.0;
						ProvisioningStyle = Automatic;
					};
				};
			};
			buildConfigurationList = A7D50AA21D8212200049D633 /* Build configuration list for PBXProject "Bluffalo" */;
			compatibilityVersion = "Xcode 3.2";
			developmentRegion = English;
			hasScannedForEncodings = 0;
			knownRegions = (
				en,
			);
			mainGroup = A7D50A9E1D8212200049D633;
			productRefGroup = A7D50AA81D8212200049D633 /* Products */;
			projectDirPath = "";
			projectRoot = "";
			targets = (
				A7D50AA61D8212200049D633 /* Bluffalo */,
				BB67EFD61DF26C81009CA1B0 /* BluffaloTests */,
			);
		};
/* End PBXProject section */

/* Begin PBXResourcesBuildPhase section */
		BB67EFD51DF26C81009CA1B0 /* Resources */ = {
			isa = PBXResourcesBuildPhase;
			buildActionMask = 2147483647;
			files = (
				BB67EFF31DF28C6C009CA1B0 /* Cat.txt in Resources */,
				BBA3EC081DF2933B0012E5E2 /* FakeCat.txt in Resources */,
			);
			runOnlyForDeploymentPostprocessing = 0;
		};
/* End PBXResourcesBuildPhase section */

/* Begin PBXSourcesBuildPhase section */
		A7D50AA31D8212200049D633 /* Sources */ = {
			isa = PBXSourcesBuildPhase;
			buildActionMask = 2147483647;
			files = (
				0720921E1F0AC09B00A2E089 /* CLI.swift in Sources */,
				0720921C1F0AB7C000A2E089 /* StringExtensions.swift in Sources */,
				BB67EFE71DF27366009CA1B0 /* Parser.swift in Sources */,
				0720921B1F0AB7C000A2E089 /* Option.swift in Sources */,
				BB67EFD21DF248C7009CA1B0 /* FakeClassGenerator.swift in Sources */,
				A7E9DEA11D99D1F9004406D7 /* Structures.swift in Sources */,
				0720921A1F0AB7C000A2E089 /* CommandLine.swift in Sources */,
				0DB7551D1E391ACE00ABC1CD /* Makefile in Sources */,
				A7D50AAB1D8212200049D633 /* main.swift in Sources */,
				0D7DFAC41E4BD0580096D4E8 /* FakeFileGenerator.swift in Sources */,
				07079B221F0AF50200FEF0FA /* SwiftFile.swift in Sources */,
			);
			runOnlyForDeploymentPostprocessing = 0;
		};
		BB67EFD31DF26C81009CA1B0 /* Sources */ = {
			isa = PBXSourcesBuildPhase;
			buildActionMask = 2147483647;
			files = (
				BB67EFDA1DF26C81009CA1B0 /* BluffaloTests.swift in Sources */,
				07079B1B1F0AF44A00FEF0FA /* Structures.swift in Sources */,
				07079B201F0AF45600FEF0FA /* CLI.swift in Sources */,
				07079B1E1F0AF45200FEF0FA /* Parser.swift in Sources */,
				07079B231F0AF51500FEF0FA /* SwiftFile.swift in Sources */,
				07079B1C1F0AF44C00FEF0FA /* FakeFileGenerator.swift in Sources */,
				07079B1D1F0AF44F00FEF0FA /* FakeClassGenerator.swift in Sources */,
			);
			runOnlyForDeploymentPostprocessing = 0;
		};
/* End PBXSourcesBuildPhase section */

/* Begin PBXTargetDependency section */
		07A2156E1F0AE181001009FB /* PBXTargetDependency */ = {
			isa = PBXTargetDependency;
			target = A7D50AA61D8212200049D633 /* Bluffalo */;
			targetProxy = 07A2156D1F0AE181001009FB /* PBXContainerItemProxy */;
		};
/* End PBXTargetDependency section */

/* Begin XCBuildConfiguration section */
		A7D50AAC1D8212200049D633 /* Debug */ = {
			isa = XCBuildConfiguration;
			buildSettings = {
				ALWAYS_SEARCH_USER_PATHS = NO;
				CLANG_ANALYZER_NONNULL = YES;
				CLANG_CXX_LANGUAGE_STANDARD = "gnu++0x";
				CLANG_CXX_LIBRARY = "libc++";
				CLANG_ENABLE_MODULES = YES;
				CLANG_ENABLE_OBJC_ARC = YES;
				CLANG_WARN_BOOL_CONVERSION = YES;
				CLANG_WARN_CONSTANT_CONVERSION = YES;
				CLANG_WARN_DIRECT_OBJC_ISA_USAGE = YES_ERROR;
				CLANG_WARN_DOCUMENTATION_COMMENTS = YES;
				CLANG_WARN_EMPTY_BODY = YES;
				CLANG_WARN_ENUM_CONVERSION = YES;
				CLANG_WARN_INFINITE_RECURSION = YES;
				CLANG_WARN_INT_CONVERSION = YES;
				CLANG_WARN_OBJC_ROOT_CLASS = YES_ERROR;
				CLANG_WARN_SUSPICIOUS_MOVES = YES;
				CLANG_WARN_UNREACHABLE_CODE = YES;
				CLANG_WARN__DUPLICATE_METHOD_MATCH = YES;
				CODE_SIGN_IDENTITY = "-";
				COPY_PHASE_STRIP = NO;
				DEBUG_INFORMATION_FORMAT = dwarf;
				ENABLE_STRICT_OBJC_MSGSEND = YES;
				ENABLE_TESTABILITY = YES;
				GCC_C_LANGUAGE_STANDARD = gnu99;
				GCC_DYNAMIC_NO_PIC = NO;
				GCC_NO_COMMON_BLOCKS = YES;
				GCC_OPTIMIZATION_LEVEL = 0;
				GCC_PREPROCESSOR_DEFINITIONS = (
					"DEBUG=1",
					"$(inherited)",
				);
				GCC_WARN_64_TO_32_BIT_CONVERSION = YES;
				GCC_WARN_ABOUT_RETURN_TYPE = YES_ERROR;
				GCC_WARN_UNDECLARED_SELECTOR = YES;
				GCC_WARN_UNINITIALIZED_AUTOS = YES_AGGRESSIVE;
				GCC_WARN_UNUSED_FUNCTION = YES;
				GCC_WARN_UNUSED_VARIABLE = YES;
				MACOSX_DEPLOYMENT_TARGET = 10.11;
				MTL_ENABLE_DEBUG_INFO = YES;
				ONLY_ACTIVE_ARCH = YES;
				SDKROOT = macosx;
				SWIFT_OPTIMIZATION_LEVEL = "-Onone";
			};
			name = Debug;
		};
		A7D50AAD1D8212200049D633 /* Release */ = {
			isa = XCBuildConfiguration;
			buildSettings = {
				ALWAYS_SEARCH_USER_PATHS = NO;
				CLANG_ANALYZER_NONNULL = YES;
				CLANG_CXX_LANGUAGE_STANDARD = "gnu++0x";
				CLANG_CXX_LIBRARY = "libc++";
				CLANG_ENABLE_MODULES = YES;
				CLANG_ENABLE_OBJC_ARC = YES;
				CLANG_WARN_BOOL_CONVERSION = YES;
				CLANG_WARN_CONSTANT_CONVERSION = YES;
				CLANG_WARN_DIRECT_OBJC_ISA_USAGE = YES_ERROR;
				CLANG_WARN_DOCUMENTATION_COMMENTS = YES;
				CLANG_WARN_EMPTY_BODY = YES;
				CLANG_WARN_ENUM_CONVERSION = YES;
				CLANG_WARN_INFINITE_RECURSION = YES;
				CLANG_WARN_INT_CONVERSION = YES;
				CLANG_WARN_OBJC_ROOT_CLASS = YES_ERROR;
				CLANG_WARN_SUSPICIOUS_MOVES = YES;
				CLANG_WARN_UNREACHABLE_CODE = YES;
				CLANG_WARN__DUPLICATE_METHOD_MATCH = YES;
				CODE_SIGN_IDENTITY = "-";
				COPY_PHASE_STRIP = NO;
				DEBUG_INFORMATION_FORMAT = "dwarf-with-dsym";
				ENABLE_NS_ASSERTIONS = NO;
				ENABLE_STRICT_OBJC_MSGSEND = YES;
				GCC_C_LANGUAGE_STANDARD = gnu99;
				GCC_NO_COMMON_BLOCKS = YES;
				GCC_WARN_64_TO_32_BIT_CONVERSION = YES;
				GCC_WARN_ABOUT_RETURN_TYPE = YES_ERROR;
				GCC_WARN_UNDECLARED_SELECTOR = YES;
				GCC_WARN_UNINITIALIZED_AUTOS = YES_AGGRESSIVE;
				GCC_WARN_UNUSED_FUNCTION = YES;
				GCC_WARN_UNUSED_VARIABLE = YES;
				MACOSX_DEPLOYMENT_TARGET = 10.11;
				MTL_ENABLE_DEBUG_INFO = NO;
				SDKROOT = macosx;
			};
			name = Release;
		};
		A7D50AAF1D8212200049D633 /* Debug */ = {
			isa = XCBuildConfiguration;
			buildSettings = {
				INFOPLIST_FILE = "$(SRCROOT)/Bluffalo/Info.plist";
				PRODUCT_BUNDLE_IDENTIFIER = com.nordstrom.Bluffalo;
				PRODUCT_NAME = "$(TARGET_NAME)";
				SWIFT_VERSION = 3.0;
				TEST_HOST = "";
			};
			name = Debug;
		};
		A7D50AB01D8212200049D633 /* Release */ = {
			isa = XCBuildConfiguration;
			buildSettings = {
				INFOPLIST_FILE = "$(SRCROOT)/Bluffalo/Info.plist";
				PRODUCT_BUNDLE_IDENTIFIER = com.nordstrom.Bluffalo;
				PRODUCT_NAME = "$(TARGET_NAME)";
				SWIFT_VERSION = 3.0;
			};
			name = Release;
		};
		BB67EFDD1DF26C81009CA1B0 /* Debug */ = {
			isa = XCBuildConfiguration;
			buildSettings = {
				COMBINE_HIDPI_IMAGES = YES;
				INFOPLIST_FILE = BluffaloTests/Info.plist;
				LD_RUNPATH_SEARCH_PATHS = "$(inherited) @executable_path/../Frameworks @loader_path/../Frameworks";
				PRODUCT_BUNDLE_IDENTIFIER = com.nordstrom.BluffaloTests;
				PRODUCT_NAME = "$(TARGET_NAME)";
				SWIFT_ACTIVE_COMPILATION_CONDITIONS = DEBUG;
				SWIFT_VERSION = 3.0;
			};
			name = Debug;
		};
		BB67EFDE1DF26C81009CA1B0 /* Release */ = {
			isa = XCBuildConfiguration;
			buildSettings = {
				COMBINE_HIDPI_IMAGES = YES;
				INFOPLIST_FILE = BluffaloTests/Info.plist;
				LD_RUNPATH_SEARCH_PATHS = "$(inherited) @executable_path/../Frameworks @loader_path/../Frameworks";
				PRODUCT_BUNDLE_IDENTIFIER = com.nordstrom.BluffaloTests;
				PRODUCT_NAME = "$(TARGET_NAME)";
				SWIFT_OPTIMIZATION_LEVEL = "-Owholemodule";
				SWIFT_VERSION = 3.0;
			};
			name = Release;
		};
/* End XCBuildConfiguration section */

/* Begin XCConfigurationList section */
		A7D50AA21D8212200049D633 /* Build configuration list for PBXProject "Bluffalo" */ = {
			isa = XCConfigurationList;
			buildConfigurations = (
				A7D50AAC1D8212200049D633 /* Debug */,
				A7D50AAD1D8212200049D633 /* Release */,
			);
			defaultConfigurationIsVisible = 0;
			defaultConfigurationName = Release;
		};
		A7D50AAE1D8212200049D633 /* Build configuration list for PBXNativeTarget "Bluffalo" */ = {
			isa = XCConfigurationList;
			buildConfigurations = (
				A7D50AAF1D8212200049D633 /* Debug */,
				A7D50AB01D8212200049D633 /* Release */,
			);
			defaultConfigurationIsVisible = 0;
			defaultConfigurationName = Release;
		};
		BB67EFDC1DF26C81009CA1B0 /* Build configuration list for PBXNativeTarget "BluffaloTests" */ = {
			isa = XCConfigurationList;
			buildConfigurations = (
				BB67EFDD1DF26C81009CA1B0 /* Debug */,
				BB67EFDE1DF26C81009CA1B0 /* Release */,
			);
			defaultConfigurationIsVisible = 0;
			defaultConfigurationName = Release;
		};
/* End XCConfigurationList section */
	};
	rootObject = A7D50A9F1D8212200049D633 /* Project object */;
}
